{
  "name": "primeros-pasos-node",
  "version": "1.0.0",
  "lockfileVersion": 3,
  "requires": true,
  "packages": {
    "": {
      "name": "primeros-pasos-node",
      "version": "1.0.0",
      "license": "MIT",
      "dependencies": {
        "responsimple": "^1.0.1"
      }
    },
    "node_modules/responsimple": {
      "version": "1.0.1",
      "resolved": "https://registry.npmjs.org/responsimple/-/responsimple-1.0.1.tgz",
      "integrity": "sha512-Uh+58LCn6yXV1qnFENSRAOCqPt+QUUzqxMfmPS4DjWSD3vNrw3hSNAVJvT/9jZ8Ulwh+Yikj0K7F27h9zKJ74Q=="
    }
  }
}
